
Microsoft Visual Studio Solution File, Format Version 12.00
# Visual Studio 14
VisualStudioVersion = 14.0.25123.0
MinimumVisualStudioVersion = 10.0.40219.1
Project("{FAE04EC0-301F-11D3-BF4B-00C04F79EFBC}") = "Shuttle.Esb.Unity", "Shuttle.Esb.Unity\Shuttle.Esb.Unity.csproj", "{2DC084D8-25DC-431D-8F76-C79AC493BE89}"
EndProject
Project("{2150E333-8FDC-42A3-9474-1A3956D46DE8}") = ".nuget", ".nuget", "{39B0AAC8-A38A-43F2-8239-4922A993492A}"
	ProjectSection(SolutionItems) = preProject
		.nuget\NuGet.Config = .nuget\NuGet.Config
	EndProjectSection
EndProject
Project("{2150E333-8FDC-42A3-9474-1A3956D46DE8}") = "Solution Items", "Solution Items", "{F9D93CA0-9C6F-4663-98DF-089254F2FC05}"
	ProjectSection(SolutionItems) = preProject
		LICENSE = LICENSE
		README.md = README.md
	EndProjectSection
EndProject
Project("{2150E333-8FDC-42A3-9474-1A3956D46DE8}") = ".build", ".build", "{CA21DB09-86BA-4D0B-A35B-3C1E1E566D15}"
	ProjectSection(SolutionItems) = preProject
		.build\package.msbuild = .build\package.msbuild
		.build\package.nuspec = .build\package.nuspec
		.build\Shuttle.Core.MSBuild.dll = .build\Shuttle.Core.MSBuild.dll
		.build\Shuttle.Core.MSBuild.targets = .build\Shuttle.Core.MSBuild.targets
	EndProjectSection
EndProject
Project("{FAE04EC0-301F-11D3-BF4B-00C04F79EFBC}") = "Shuttle.Esb.Unity.Tests", "Shuttle.Esb.Unity.Tests\Shuttle.Esb.Unity.Tests.csproj", "{00E4E1FB-37BE-45B0-8E48-0B3060DB9B1C}"
EndProject
Project("{FAE04EC0-301F-11D3-BF4B-00C04F79EFBC}") = "Shuttle.Esb.Unity.Tests.Duplicate", "Shuttle.Esb.Unity.Tests.Duplicate\Shuttle.Esb.Unity.Tests.Duplicate.csproj", "{75F43292-52C8-4902-93F2-094DFF2C9A12}"
EndProject
Global
	GlobalSection(SolutionConfigurationPlatforms) = preSolution
		Debug|Any CPU = Debug|Any CPU
		Release|Any CPU = Release|Any CPU
	EndGlobalSection
	GlobalSection(ProjectConfigurationPlatforms) = postSolution
		{2DC084D8-25DC-431D-8F76-C79AC493BE89}.Debug|Any CPU.ActiveCfg = Debug|Any CPU
		{2DC084D8-25DC-431D-8F76-C79AC493BE89}.Debug|Any CPU.Build.0 = Debug|Any CPU
		{2DC084D8-25DC-431D-8F76-C79AC493BE89}.Release|Any CPU.ActiveCfg = Release|Any CPU
		{2DC084D8-25DC-431D-8F76-C79AC493BE89}.Release|Any CPU.Build.0 = Release|Any CPU
		{00E4E1FB-37BE-45B0-8E48-0B3060DB9B1C}.Debug|Any CPU.ActiveCfg = Debug|Any CPU
		{00E4E1FB-37BE-45B0-8E48-0B3060DB9B1C}.Debug|Any CPU.Build.0 = Debug|Any CPU
		{00E4E1FB-37BE-45B0-8E48-0B3060DB9B1C}.Release|Any CPU.ActiveCfg = Release|Any CPU
		{00E4E1FB-37BE-45B0-8E48-0B3060DB9B1C}.Release|Any CPU.Build.0 = Release|Any CPU
		{75F43292-52C8-4902-93F2-094DFF2C9A12}.Debug|Any CPU.ActiveCfg = Debug|Any CPU
		{75F43292-52C8-4902-93F2-094DFF2C9A12}.Debug|Any CPU.Build.0 = Debug|Any CPU
		{75F43292-52C8-4902-93F2-094DFF2C9A12}.Release|Any CPU.ActiveCfg = Release|Any CPU
		{75F43292-52C8-4902-93F2-094DFF2C9A12}.Release|Any CPU.Build.0 = Release|Any CPU
	EndGlobalSection
	GlobalSection(SolutionProperties) = preSolution
		HideSolutionNode = FALSE
	EndGlobalSection
	GlobalSection(ExtensibilityGlobals) = postSolution
		EnterpriseLibraryConfigurationToolBinariesPath = packages\Unity.2.1.505.2\lib\NET35
	EndGlobalSection
EndGlobal
